{
  "name": "node-server-libs",
  "version": "0.0.1",
  "lockfileVersion": 1,
  "requires": true,
  "dependencies": {
    "typescript": {
      "version": "2.9.2",
      "resolved": "https://artifactory.1and1.org/artifactory/api/npm/mywebsite-npm-virtual/typescript/-/typescript-2.9.2.tgz?dl=https://registry.npmjs.org/typescript/-/typescript-2.9.2.tgz",
      "integrity": "sha1-HL9h0F1rliaSROtqO85L2RTg8Aw=",
      "dev": true
    }
  }
}
